
Microsoft Visual Studio Solution File, Format Version 12.00
# Visual Studio Version 17
VisualStudioVersion = 17.9.34728.123
MinimumVisualStudioVersion = 10.0.40219.1
Project("{9A19103F-16F7-4668-BE54-9A1E7A4F7556}") = "QLDatPhongKhachSan", "QLDatPhongKhachSan\QLDatPhongKhachSan.csproj", "{F3B43CE6-B49E-4D05-9077-F59D16F83889}"
EndProject
Global
	GlobalSection(SolutionConfigurationPlatforms) = preSolution
		Debug|Any CPU = Debug|Any CPU
		Release|Any CPU = Release|Any CPU
	EndGlobalSection
	GlobalSection(ProjectConfigurationPlatforms) = postSolution
		{F3B43CE6-B49E-4D05-9077-F59D16F83889}.Debug|Any CPU.ActiveCfg = Debug|Any CPU
		{F3B43CE6-B49E-4D05-9077-F59D16F83889}.Debug|Any CPU.Build.0 = Debug|Any CPU
		{F3B43CE6-B49E-4D05-9077-F59D16F83889}.Release|Any CPU.ActiveCfg = Release|Any CPU
		{F3B43CE6-B49E-4D05-9077-F59D16F83889}.Release|Any CPU.Build.0 = Release|Any CPU
	EndGlobalSection
	GlobalSection(SolutionProperties) = preSolution
		HideSolutionNode = FALSE
	EndGlobalSection
	GlobalSection(ExtensibilityGlobals) = postSolution
		SolutionGuid = {11DF4873-4319-49F0-AC1F-67B91B22C3E9}
	EndGlobalSection
EndGlobal
